github.com/sparques/gfx v0.0.0-20240422165645-8484bc574c25 h1:O5JmItya4iXbXzMkczMhiQA1n8mcinb2gKE11/S3Pvo=
github.com/sparques/gfx v0.0.0-20240422165645-8484bc574c25/go.mod h1:CGxot+9W7jFeT8cH61YQr8KtW+8/eI1uz646yBTvEa0=
golang.org/x/crypto v0.25.0 h1:ypSNr+bnYL2YhwoMt2zPxHFmbAN1KZs/njMG3hxUp30=
golang.org/x/crypto v0.25.0/go.mod h1:T+wALwcMOSE0kXgUAnPAHqTLW+XHgcELELW8VaDgm/M=
golang.org/x/exp v0.0.0-20240409090435-93d18d7e34b8 h1:ESSUROHIBHg7USnszlcdmjBEwdMj9VUvU+OPk4yl2mc=
golang.org/x/exp v0.0.0-20240409090435-93d18d7e34b8/go.mod h1:/lliqkxwWAhPjf5oSOIJup2XcqJaw8RGS6k3TGEc7GI=
golang.org/x/sys v0.22.0 h1:RI27ohtqKCnwULzJLqkv897zojh5/DwS/ENaMzUOaWI=
golang.org/x/sys v0.22.0/go.mod h1:/VUhepiaJMQUp4+oa/7Zr1D23ma6VTLIYjOOTFZPUcA=
golang.org/x/term v0.22.0 h1:BbsgPEJULsl2fV/AT3v15Mjva5yXKQDyKf+TbDz7QJk=
golang.org/x/term v0.22.0/go.mod h1:F3qCibpT5AMpCRfhfT53vVJwhLtIVHhB9XDjfFvnMI4=
